PODS:
  - URLImage (2.1.4):
    - URLImage/Common (= 2.1.4)
    - URLImage/DownloadManager (= 2.1.4)
    - URLImage/FileIndex (= 2.1.4)
    - URLImage/ImageDecoder (= 2.1.4)
    - URLImage/Log (= 2.1.4)
    - URLImage/PlainDatabase (= 2.1.4)
    - URLImage/RemoteContentView (= 2.1.4)
  - URLImage/Common (2.1.4)
  - URLImage/DownloadManager (2.1.4):
    - URLImage/Log
  - URLImage/FileIndex (2.1.4):
    - URLImage/Common
    - URLImage/Log
    - URLImage/PlainDatabase
  - URLImage/ImageDecoder (2.1.4)
  - URLImage/Log (2.1.4)
  - URLImage/PlainDatabase (2.1.4)
  - URLImage/RemoteContentView (2.1.4)

DEPENDENCIES:
  - URLImage

SPEC REPOS:
  trunk:
    - URLImage

SPEC CHECKSUMS:
  URLImage: 2cd062726913f11a29e04a321944c4122575d52a

PODFILE CHECKSUM: 2b4aeab7bc3e8d742f77c98eb4e9c07b1762777e

COCOAPODS: 1.9.1
